{
  "originHash" : "dbfea4cfe92e2905e3226929b80c926941d0058b966ad4db47dfcb1efb922ba7",
  "pins" : [
    {
      "identity" : "factory",
      "kind" : "remoteSourceControl",
      "location" : "https://github.com/hmlongco/Factory.git",
      "state" : {
        "revision" : "ccc898f21992ebc130bc04cc197460a5ae230bcf",
        "version" : "2.5.3"
      }
    },
    {
      "identity" : "navigator",
      "kind" : "remoteSourceControl",
      "location" : "https://github.com/hmlongco/Navigator",
      "state" : {
        "revision" : "d0c13d7efd9e97e63d901bc53ba22d20da135557",
        "version" : "1.0.0"
      }
    }
  ],
  "version" : 3
}
