{
  "originHash" : "305bbd354954c0c807e491eb47e4b19bd5bc98373332c2a444737563bbebf2c0",
  "pins" : [
    {
      "identity" : "factory",
      "kind" : "remoteSourceControl",
      "location" : "https://github.com/hmlongco/Factory.git",
      "state" : {
        "revision" : "ccc898f21992ebc130bc04cc197460a5ae230bcf",
        "version" : "2.5.3"
      }
    },
    {
      "identity" : "navigator",
      "kind" : "remoteSourceControl",
      "location" : "https://github.com/hmlongco/Navigator.git",
      "state" : {
        "revision" : "d0c13d7efd9e97e63d901bc53ba22d20da135557",
        "version" : "1.0.0"
      }
    },
    {
      "identity" : "todox",
      "kind" : "remoteSourceControl",
      "location" : "https://github.com/batuhanbaran/TodoX",
      "state" : {
        "branch" : "main",
        "revision" : "1ac92dd3594d0af5af7140cc1b4bae687e7aad2c"
      }
    }
  ],
  "version" : 3
}
