{
  "originHash" : "d77a6fb134fee188da13bd427c91280aef5f9cfc6a4ab7dd81483bc67361f620",
  "pins" : [
    {
      "identity" : "factory",
      "kind" : "remoteSourceControl",
      "location" : "https://github.com/hmlongco/Factory.git",
      "state" : {
        "revision" : "ccc898f21992ebc130bc04cc197460a5ae230bcf",
        "version" : "2.5.3"
      }
    },
    {
      "identity" : "navigator",
      "kind" : "remoteSourceControl",
      "location" : "https://github.com/hmlongco/Navigator.git",
      "state" : {
        "revision" : "31399c4cfc1b9c63ed260369176a01d327f8fa0f",
        "version" : "1.2.0"
      }
    }
  ],
  "version" : 3
}
