{
  "originHash" : "f15f15d2543d88908a157c6e6529e43d9939e48d2569539688e3a546317e97bd",
  "pins" : [
    {
      "identity" : "factory",
      "kind" : "remoteSourceControl",
      "location" : "https://github.com/hmlongco/Factory.git",
      "state" : {
        "revision" : "ccc898f21992ebc130bc04cc197460a5ae230bcf",
        "version" : "2.5.3"
      }
    },
    {
      "identity" : "navigator",
      "kind" : "remoteSourceControl",
      "location" : "https://github.com/hmlongco/Navigator.git",
      "state" : {
        "revision" : "d0c13d7efd9e97e63d901bc53ba22d20da135557",
        "version" : "1.0.0"
      }
    },
    {
      "identity" : "todox",
      "kind" : "remoteSourceControl",
      "location" : "https://github.com/batuhanbaran/TodoX",
      "state" : {
        "revision" : "e43211da677051bf3a0307fea83695a543e4b373",
        "version" : "1.0.6"
      }
    }
  ],
  "version" : 3
}
