// !$*UTF8*$!
{
	archiveVersion = 1;
	classes = {
	};
	objectVersion = 77;
	objects = {

/* Begin PBXBuildFile section */
		D81431412E718F56009FC7FF /* NavigatorUI in Frameworks */ = {isa = PBXBuildFile; productRef = D81431402E718F56009FC7FF /* NavigatorUI */; };
		D81431852E719548009FC7FF /* Factory in Frameworks */ = {isa = PBXBuildFile; productRef = D81431842E719548009FC7FF /* Factory */; };
		D81431872E719548009FC7FF /* FactoryKit in Frameworks */ = {isa = PBXBuildFile; productRef = D81431862E719548009FC7FF /* FactoryKit */; };
		D81431892E719548009FC7FF /* FactoryTesting in Frameworks */ = {isa = PBXBuildFile; productRef = D81431882E719548009FC7FF /* FactoryTesting */; };
		D814318C2E719560009FC7FF /* NetworkKit in Frameworks */ = {isa = PBXBuildFile; productRef = D814318B2E719560009FC7FF /* NetworkKit */; };
		D814318E2E719563009FC7FF /* Models in Frameworks */ = {isa = PBXBuildFile; productRef = D814318D2E719563009FC7FF /* Models */; };
		D81431902E719567009FC7FF /* UIComponentKit in Frameworks */ = {isa = PBXBuildFile; productRef = D814318F2E719567009FC7FF /* UIComponentKit */; };
		D81431922E71956B009FC7FF /* ExtensionsKit in Frameworks */ = {isa = PBXBuildFile; productRef = D81431912E71956B009FC7FF /* ExtensionsKit */; };
		D81431B12E719839009FC7FF /* FavoriteKit in Frameworks */ = {isa = PBXBuildFile; productRef = D81431B02E719839009FC7FF /* FavoriteKit */; };
		D81431CC2E7198EC009FC7FF /* FavoriteKitLive in Frameworks */ = {isa = PBXBuildFile; productRef = D81431CB2E7198EC009FC7FF /* FavoriteKitLive */; };
/* End PBXBuildFile section */

/* Begin PBXFileReference section */
		D81431AF2E719830009FC7FF /* FavoriteKit */ = {isa = PBXFileReference; lastKnownFileType = wrapper; path = FavoriteKit; sourceTree = "<group>"; };
		D81431CA2E7198E3009FC7FF /* FavoriteKitLive */ = {isa = PBXFileReference; lastKnownFileType = wrapper; path = FavoriteKitLive; sourceTree = "<group>"; };
		D8A1865A2E718C2500483B15 /* SupernovaX.app */ = {isa = PBXFileReference; explicitFileType = wrapper.application; includeInIndex = 0; path = SupernovaX.app; sourceTree = BUILT_PRODUCTS_DIR; };
		D8A1866B2E718E0200483B15 /* ExtensionsKit */ = {isa = PBXFileReference; lastKnownFileType = wrapper; path = ExtensionsKit; sourceTree = "<group>"; };
		D8A1866C2E718E0200483B15 /* Models */ = {isa = PBXFileReference; lastKnownFileType = wrapper; path = Models; sourceTree = "<group>"; };
		D8A1866D2E718E0200483B15 /* NetworkKit */ = {isa = PBXFileReference; lastKnownFileType = wrapper; path = NetworkKit; sourceTree = "<group>"; };
		D8A1866E2E718E0200483B15 /* UIComponentKit */ = {isa = PBXFileReference; lastKnownFileType = wrapper; path = UIComponentKit; sourceTree = "<group>"; };
/* End PBXFileReference section */

/* Begin PBXFileSystemSynchronizedRootGroup section */
		D8A1865C2E718C2500483B15 /* SupernovaX */ = {
			isa = PBXFileSystemSynchronizedRootGroup;
			path = SupernovaX;
			sourceTree = "<group>";
		};
/* End PBXFileSystemSynchronizedRootGroup section */

/* Begin PBXFrameworksBuildPhase section */
		D8A186572E718C2500483B15 /* Frameworks */ = {
			isa = PBXFrameworksBuildPhase;
			buildActionMask = 2147483647;
			files = (
				D814318E2E719563009FC7FF /* Models in Frameworks */,
				D81431CC2E7198EC009FC7FF /* FavoriteKitLive in Frameworks */,
				D81431B12E719839009FC7FF /* FavoriteKit in Frameworks */,
				D81431892E719548009FC7FF /* FactoryTesting in Frameworks */,
				D81431872E719548009FC7FF /* FactoryKit in Frameworks */,
				D81431412E718F56009FC7FF /* NavigatorUI in Frameworks */,
				D814318C2E719560009FC7FF /* NetworkKit in Frameworks */,
				D81431922E71956B009FC7FF /* ExtensionsKit in Frameworks */,
				D81431852E719548009FC7FF /* Factory in Frameworks */,
				D81431902E719567009FC7FF /* UIComponentKit in Frameworks */,
			);
			runOnlyForDeploymentPostprocessing = 0;
		};
/* End PBXFrameworksBuildPhase section */

/* Begin PBXGroup section */
		D814318A2E719560009FC7FF /* Frameworks */ = {
			isa = PBXGroup;
			children = (
			);
			name = Frameworks;
			sourceTree = "<group>";
		};
		D8A186512E718C2500483B15 = {
			isa = PBXGroup;
			children = (
				D8A186752E718E0200483B15 /* Packages */,
				D8A1865C2E718C2500483B15 /* SupernovaX */,
				D814318A2E719560009FC7FF /* Frameworks */,
				D8A1865B2E718C2500483B15 /* Products */,
			);
			sourceTree = "<group>";
		};
		D8A1865B2E718C2500483B15 /* Products */ = {
			isa = PBXGroup;
			children = (
				D8A1865A2E718C2500483B15 /* SupernovaX.app */,
			);
			name = Products;
			sourceTree = "<group>";
		};
		D8A1866F2E718E0200483B15 /* Core */ = {
			isa = PBXGroup;
			children = (
				D81431CA2E7198E3009FC7FF /* FavoriteKitLive */,
				D81431AF2E719830009FC7FF /* FavoriteKit */,
				D8A1866B2E718E0200483B15 /* ExtensionsKit */,
				D8A1866C2E718E0200483B15 /* Models */,
				D8A1866D2E718E0200483B15 /* NetworkKit */,
				D8A1866E2E718E0200483B15 /* UIComponentKit */,
			);
			path = Core;
			sourceTree = "<group>";
		};
		D8A186752E718E0200483B15 /* Packages */ = {
			isa = PBXGroup;
			children = (
				D8A1866F2E718E0200483B15 /* Core */,
			);
			path = Packages;
			sourceTree = "<group>";
		};
/* End PBXGroup section */

/* Begin PBXNativeTarget section */
		D8A186592E718C2500483B15 /* SupernovaX */ = {
			isa = PBXNativeTarget;
			buildConfigurationList = D8A186682E718C2600483B15 /* Build configuration list for PBXNativeTarget "SupernovaX" */;
			buildPhases = (
				D8A186562E718C2500483B15 /* Sources */,
				D8A186572E718C2500483B15 /* Frameworks */,
				D8A186582E718C2500483B15 /* Resources */,
			);
			buildRules = (
			);
			dependencies = (
			);
			fileSystemSynchronizedGroups = (
				D8A1865C2E718C2500483B15 /* SupernovaX */,
			);
			name = SupernovaX;
			packageProductDependencies = (
				D81431402E718F56009FC7FF /* NavigatorUI */,
				D81431842E719548009FC7FF /* Factory */,
				D81431862E719548009FC7FF /* FactoryKit */,
				D81431882E719548009FC7FF /* FactoryTesting */,
				D814318B2E719560009FC7FF /* NetworkKit */,
				D814318D2E719563009FC7FF /* Models */,
				D814318F2E719567009FC7FF /* UIComponentKit */,
				D81431912E71956B009FC7FF /* ExtensionsKit */,
				D81431B02E719839009FC7FF /* FavoriteKit */,
				D81431CB2E7198EC009FC7FF /* FavoriteKitLive */,
			);
			productName = SupernovaX;
			productReference = D8A1865A2E718C2500483B15 /* SupernovaX.app */;
			productType = "com.apple.product-type.application";
		};
/* End PBXNativeTarget section */

/* Begin PBXProject section */
		D8A186522E718C2500483B15 /* Project object */ = {
			isa = PBXProject;
			attributes = {
				BuildIndependentTargetsInParallel = 1;
				LastSwiftUpdateCheck = 1620;
				LastUpgradeCheck = 1620;
				TargetAttributes = {
					D8A186592E718C2500483B15 = {
						CreatedOnToolsVersion = 16.2;
					};
				};
			};
			buildConfigurationList = D8A186552E718C2500483B15 /* Build configuration list for PBXProject "SupernovaX" */;
			developmentRegion = en;
			hasScannedForEncodings = 0;
			knownRegions = (
				en,
				Base,
			);
			mainGroup = D8A186512E718C2500483B15;
			minimizedProjectReferenceProxies = 1;
			packageReferences = (
				D814313F2E718F56009FC7FF /* XCRemoteSwiftPackageReference "Navigator" */,
				D81431832E719547009FC7FF /* XCRemoteSwiftPackageReference "Factory" */,
			);
			preferredProjectObjectVersion = 77;
			productRefGroup = D8A1865B2E718C2500483B15 /* Products */;
			projectDirPath = "";
			projectRoot = "";
			targets = (
				D8A186592E718C2500483B15 /* SupernovaX */,
			);
		};
/* End PBXProject section */

/* Begin PBXResourcesBuildPhase section */
		D8A186582E718C2500483B15 /* Resources */ = {
			isa = PBXResourcesBuildPhase;
			buildActionMask = 2147483647;
			files = (
			);
			runOnlyForDeploymentPostprocessing = 0;
		};
/* End PBXResourcesBuildPhase section */

/* Begin PBXSourcesBuildPhase section */
		D8A186562E718C2500483B15 /* Sources */ = {
			isa = PBXSourcesBuildPhase;
			buildActionMask = 2147483647;
			files = (
			);
			runOnlyForDeploymentPostprocessing = 0;
		};
/* End PBXSourcesBuildPhase section */

/* Begin XCBuildConfiguration section */
		D8A186662E718C2600483B15 /* Debug */ = {
			isa = XCBuildConfiguration;
			buildSettings = {
				ALWAYS_SEARCH_USER_PATHS = NO;
				ASSETCATALOG_COMPILER_GENERATE_SWIFT_ASSET_SYMBOL_EXTENSIONS = YES;
				CLANG_ANALYZER_NONNULL = YES;
				CLANG_ANALYZER_NUMBER_OBJECT_CONVERSION = YES_AGGRESSIVE;
				CLANG_CXX_LANGUAGE_STANDARD = "gnu++20";
				CLANG_ENABLE_MODULES = YES;
				CLANG_ENABLE_OBJC_ARC = YES;
				CLANG_ENABLE_OBJC_WEAK = YES;
				CLANG_WARN_BLOCK_CAPTURE_AUTORELEASING = YES;
				CLANG_WARN_BOOL_CONVERSION = YES;
				CLANG_WARN_COMMA = YES;
				CLANG_WARN_CONSTANT_CONVERSION = YES;
				CLANG_WARN_DEPRECATED_OBJC_IMPLEMENTATIONS = YES;
				CLANG_WARN_DIRECT_OBJC_ISA_USAGE = YES_ERROR;
				CLANG_WARN_DOCUMENTATION_COMMENTS = YES;
				CLANG_WARN_EMPTY_BODY = YES;
				CLANG_WARN_ENUM_CONVERSION = YES;
				CLANG_WARN_INFINITE_RECURSION = YES;
				CLANG_WARN_INT_CONVERSION = YES;
				CLANG_WARN_NON_LITERAL_NULL_CONVERSION = YES;
				CLANG_WARN_OBJC_IMPLICIT_RETAIN_SELF = YES;
				CLANG_WARN_OBJC_LITERAL_CONVERSION = YES;
				CLANG_WARN_OBJC_ROOT_CLASS = YES_ERROR;
				CLANG_WARN_QUOTED_INCLUDE_IN_FRAMEWORK_HEADER = YES;
				CLANG_WARN_RANGE_LOOP_ANALYSIS = YES;
				CLANG_WARN_STRICT_PROTOTYPES = YES;
				CLANG_WARN_SUSPICIOUS_MOVE = YES;
				CLANG_WARN_UNGUARDED_AVAILABILITY = YES_AGGRESSIVE;
				CLANG_WARN_UNREACHABLE_CODE = YES;
				CLANG_WARN__DUPLICATE_METHOD_MATCH = YES;
				COPY_PHASE_STRIP = NO;
				DEBUG_INFORMATION_FORMAT = dwarf;
				ENABLE_STRICT_OBJC_MSGSEND = YES;
				ENABLE_TESTABILITY = YES;
				ENABLE_USER_SCRIPT_SANDBOXING = YES;
				GCC_C_LANGUAGE_STANDARD = gnu17;
				GCC_DYNAMIC_NO_PIC = NO;
				GCC_NO_COMMON_BLOCKS = YES;
				GCC_OPTIMIZATION_LEVEL = 0;
				GCC_PREPROCESSOR_DEFINITIONS = (
					"DEBUG=1",
					"$(inherited)",
				);
				GCC_WARN_64_TO_32_BIT_CONVERSION = YES;
				GCC_WARN_ABOUT_RETURN_TYPE = YES_ERROR;
				GCC_WARN_UNDECLARED_SELECTOR = YES;
				GCC_WARN_UNINITIALIZED_AUTOS = YES_AGGRESSIVE;
				GCC_WARN_UNUSED_FUNCTION = YES;
				GCC_WARN_UNUSED_VARIABLE = YES;
				IPHONEOS_DEPLOYMENT_TARGET = 18.2;
				LOCALIZATION_PREFERS_STRING_CATALOGS = YES;
				MTL_ENABLE_DEBUG_INFO = INCLUDE_SOURCE;
				MTL_FAST_MATH = YES;
				ONLY_ACTIVE_ARCH = YES;
				SDKROOT = iphoneos;
				SWIFT_ACTIVE_COMPILATION_CONDITIONS = "DEBUG $(inherited)";
				SWIFT_OPTIMIZATION_LEVEL = "-Onone";
				SWIFT_STRICT_CONCURRENCY = complete;
			};
			name = Debug;
		};
		D8A186672E718C2600483B15 /* Release */ = {
			isa = XCBuildConfiguration;
			buildSettings = {
				ALWAYS_SEARCH_USER_PATHS = NO;
				ASSETCATALOG_COMPILER_GENERATE_SWIFT_ASSET_SYMBOL_EXTENSIONS = YES;
				CLANG_ANALYZER_NONNULL = YES;
				CLANG_ANALYZER_NUMBER_OBJECT_CONVERSION = YES_AGGRESSIVE;
				CLANG_CXX_LANGUAGE_STANDARD = "gnu++20";
				CLANG_ENABLE_MODULES = YES;
				CLANG_ENABLE_OBJC_ARC = YES;
				CLANG_ENABLE_OBJC_WEAK = YES;
				CLANG_WARN_BLOCK_CAPTURE_AUTORELEASING = YES;
				CLANG_WARN_BOOL_CONVERSION = YES;
				CLANG_WARN_COMMA = YES;
				CLANG_WARN_CONSTANT_CONVERSION = YES;
				CLANG_WARN_DEPRECATED_OBJC_IMPLEMENTATIONS = YES;
				CLANG_WARN_DIRECT_OBJC_ISA_USAGE = YES_ERROR;
				CLANG_WARN_DOCUMENTATION_COMMENTS = YES;
				CLANG_WARN_EMPTY_BODY = YES;
				CLANG_WARN_ENUM_CONVERSION = YES;
				CLANG_WARN_INFINITE_RECURSION = YES;
				CLANG_WARN_INT_CONVERSION = YES;
				CLANG_WARN_NON_LITERAL_NULL_CONVERSION = YES;
				CLANG_WARN_OBJC_IMPLICIT_RETAIN_SELF = YES;
				CLANG_WARN_OBJC_LITERAL_CONVERSION = YES;
				CLANG_WARN_OBJC_ROOT_CLASS = YES_ERROR;
				CLANG_WARN_QUOTED_INCLUDE_IN_FRAMEWORK_HEADER = YES;
				CLANG_WARN_RANGE_LOOP_ANALYSIS = YES;
				CLANG_WARN_STRICT_PROTOTYPES = YES;
				CLANG_WARN_SUSPICIOUS_MOVE = YES;
				CLANG_WARN_UNGUARDED_AVAILABILITY = YES_AGGRESSIVE;
				CLANG_WARN_UNREACHABLE_CODE = YES;
				CLANG_WARN__DUPLICATE_METHOD_MATCH = YES;
				COPY_PHASE_STRIP = NO;
				DEBUG_INFORMATION_FORMAT = "dwarf-with-dsym";
				ENABLE_NS_ASSERTIONS = NO;
				ENABLE_STRICT_OBJC_MSGSEND = YES;
				ENABLE_USER_SCRIPT_SANDBOXING = YES;
				GCC_C_LANGUAGE_STANDARD = gnu17;
				GCC_NO_COMMON_BLOCKS = YES;
				GCC_WARN_64_TO_32_BIT_CONVERSION = YES;
				GCC_WARN_ABOUT_RETURN_TYPE = YES_ERROR;
				GCC_WARN_UNDECLARED_SELECTOR = YES;
				GCC_WARN_UNINITIALIZED_AUTOS = YES_AGGRESSIVE;
				GCC_WARN_UNUSED_FUNCTION = YES;
				GCC_WARN_UNUSED_VARIABLE = YES;
				IPHONEOS_DEPLOYMENT_TARGET = 18.2;
				LOCALIZATION_PREFERS_STRING_CATALOGS = YES;
				MTL_ENABLE_DEBUG_INFO = NO;
				MTL_FAST_MATH = YES;
				SDKROOT = iphoneos;
				SWIFT_COMPILATION_MODE = wholemodule;
				SWIFT_STRICT_CONCURRENCY = complete;
				VALIDATE_PRODUCT = YES;
			};
			name = Release;
		};
		D8A186692E718C2600483B15 /* Debug */ = {
			isa = XCBuildConfiguration;
			buildSettings = {
				ASSETCATALOG_COMPILER_APPICON_NAME = AppIcon;
				ASSETCATALOG_COMPILER_GLOBAL_ACCENT_COLOR_NAME = AccentColor;
				CODE_SIGN_STYLE = Automatic;
				CURRENT_PROJECT_VERSION = 1;
				DEVELOPMENT_ASSET_PATHS = "\"SupernovaX/Preview Content\"";
				DEVELOPMENT_TEAM = 4344N258G3;
				ENABLE_PREVIEWS = YES;
				GENERATE_INFOPLIST_FILE = YES;
				INFOPLIST_KEY_UIApplicationSceneManifest_Generation = YES;
				INFOPLIST_KEY_UIApplicationSupportsIndirectInputEvents = YES;
				INFOPLIST_KEY_UILaunchScreen_Generation = YES;
				INFOPLIST_KEY_UISupportedInterfaceOrientations = UIInterfaceOrientationPortrait;
				IPHONEOS_DEPLOYMENT_TARGET = 17.6;
				LD_RUNPATH_SEARCH_PATHS = (
					"$(inherited)",
					"@executable_path/Frameworks",
				);
				MARKETING_VERSION = 1.0;
				PRODUCT_BUNDLE_IDENTIFIER = com.batuhanbaran.SupernovaX;
				PRODUCT_NAME = "$(TARGET_NAME)";
				SUPPORTED_PLATFORMS = "iphoneos iphonesimulator";
				SUPPORTS_MACCATALYST = NO;
				SUPPORTS_MAC_DESIGNED_FOR_IPHONE_IPAD = NO;
				SUPPORTS_XR_DESIGNED_FOR_IPHONE_IPAD = NO;
				SWIFT_EMIT_LOC_STRINGS = YES;
				SWIFT_STRICT_CONCURRENCY = complete;
				SWIFT_VERSION = 5.0;
				TARGETED_DEVICE_FAMILY = 1;
			};
			name = Debug;
		};
		D8A1866A2E718C2600483B15 /* Release */ = {
			isa = XCBuildConfiguration;
			buildSettings = {
				ASSETCATALOG_COMPILER_APPICON_NAME = AppIcon;
				ASSETCATALOG_COMPILER_GLOBAL_ACCENT_COLOR_NAME = AccentColor;
				CODE_SIGN_STYLE = Automatic;
				CURRENT_PROJECT_VERSION = 1;
				DEVELOPMENT_ASSET_PATHS = "\"SupernovaX/Preview Content\"";
				DEVELOPMENT_TEAM = 4344N258G3;
				ENABLE_PREVIEWS = YES;
				GENERATE_INFOPLIST_FILE = YES;
				INFOPLIST_KEY_UIApplicationSceneManifest_Generation = YES;
				INFOPLIST_KEY_UIApplicationSupportsIndirectInputEvents = YES;
				INFOPLIST_KEY_UILaunchScreen_Generation = YES;
				INFOPLIST_KEY_UISupportedInterfaceOrientations = UIInterfaceOrientationPortrait;
				IPHONEOS_DEPLOYMENT_TARGET = 17.6;
				LD_RUNPATH_SEARCH_PATHS = (
					"$(inherited)",
					"@executable_path/Frameworks",
				);
				MARKETING_VERSION = 1.0;
				PRODUCT_BUNDLE_IDENTIFIER = com.batuhanbaran.SupernovaX;
				PRODUCT_NAME = "$(TARGET_NAME)";
				SUPPORTED_PLATFORMS = "iphoneos iphonesimulator";
				SUPPORTS_MACCATALYST = NO;
				SUPPORTS_MAC_DESIGNED_FOR_IPHONE_IPAD = NO;
				SUPPORTS_XR_DESIGNED_FOR_IPHONE_IPAD = NO;
				SWIFT_EMIT_LOC_STRINGS = YES;
				SWIFT_STRICT_CONCURRENCY = complete;
				SWIFT_VERSION = 5.0;
				TARGETED_DEVICE_FAMILY = 1;
			};
			name = Release;
		};
/* End XCBuildConfiguration section */

/* Begin XCConfigurationList section */
		D8A186552E718C2500483B15 /* Build configuration list for PBXProject "SupernovaX" */ = {
			isa = XCConfigurationList;
			buildConfigurations = (
				D8A186662E718C2600483B15 /* Debug */,
				D8A186672E718C2600483B15 /* Release */,
			);
			defaultConfigurationIsVisible = 0;
			defaultConfigurationName = Release;
		};
		D8A186682E718C2600483B15 /* Build configuration list for PBXNativeTarget "SupernovaX" */ = {
			isa = XCConfigurationList;
			buildConfigurations = (
				D8A186692E718C2600483B15 /* Debug */,
				D8A1866A2E718C2600483B15 /* Release */,
			);
			defaultConfigurationIsVisible = 0;
			defaultConfigurationName = Release;
		};
/* End XCConfigurationList section */

/* Begin XCRemoteSwiftPackageReference section */
		D814313F2E718F56009FC7FF /* XCRemoteSwiftPackageReference "Navigator" */ = {
			isa = XCRemoteSwiftPackageReference;
			repositoryURL = "https://github.com/hmlongco/Navigator";
			requirement = {
				kind = exactVersion;
				version = 1.0.0;
			};
		};
		D81431832E719547009FC7FF /* XCRemoteSwiftPackageReference "Factory" */ = {
			isa = XCRemoteSwiftPackageReference;
			repositoryURL = "https://github.com/hmlongco/Factory";
			requirement = {
				kind = upToNextMajorVersion;
				minimumVersion = 2.5.3;
			};
		};
/* End XCRemoteSwiftPackageReference section */

/* Begin XCSwiftPackageProductDependency section */
		D81431402E718F56009FC7FF /* NavigatorUI */ = {
			isa = XCSwiftPackageProductDependency;
			package = D814313F2E718F56009FC7FF /* XCRemoteSwiftPackageReference "Navigator" */;
			productName = NavigatorUI;
		};
		D81431842E719548009FC7FF /* Factory */ = {
			isa = XCSwiftPackageProductDependency;
			package = D81431832E719547009FC7FF /* XCRemoteSwiftPackageReference "Factory" */;
			productName = Factory;
		};
		D81431862E719548009FC7FF /* FactoryKit */ = {
			isa = XCSwiftPackageProductDependency;
			package = D81431832E719547009FC7FF /* XCRemoteSwiftPackageReference "Factory" */;
			productName = FactoryKit;
		};
		D81431882E719548009FC7FF /* FactoryTesting */ = {
			isa = XCSwiftPackageProductDependency;
			package = D81431832E719547009FC7FF /* XCRemoteSwiftPackageReference "Factory" */;
			productName = FactoryTesting;
		};
		D814318B2E719560009FC7FF /* NetworkKit */ = {
			isa = XCSwiftPackageProductDependency;
			productName = NetworkKit;
		};
		D814318D2E719563009FC7FF /* Models */ = {
			isa = XCSwiftPackageProductDependency;
			productName = Models;
		};
		D814318F2E719567009FC7FF /* UIComponentKit */ = {
			isa = XCSwiftPackageProductDependency;
			productName = UIComponentKit;
		};
		D81431912E71956B009FC7FF /* ExtensionsKit */ = {
			isa = XCSwiftPackageProductDependency;
			productName = ExtensionsKit;
		};
		D81431B02E719839009FC7FF /* FavoriteKit */ = {
			isa = XCSwiftPackageProductDependency;
			productName = FavoriteKit;
		};
		D81431CB2E7198EC009FC7FF /* FavoriteKitLive */ = {
			isa = XCSwiftPackageProductDependency;
			productName = FavoriteKitLive;
		};
/* End XCSwiftPackageProductDependency section */
	};
	rootObject = D8A186522E718C2500483B15 /* Project object */;
}
