// !$*UTF8*$!
{
	archiveVersion = 1;
	classes = {
	};
	objectVersion = 77;
	objects = {

/* Begin PBXBuildFile section */
		D814318C2E719560009FC7FF /* NetworkKit in Frameworks */ = {isa = PBXBuildFile; productRef = D814318B2E719560009FC7FF /* NetworkKit */; };
		D814318E2E719563009FC7FF /* Models in Frameworks */ = {isa = PBXBuildFile; productRef = D814318D2E719563009FC7FF /* Models */; };
		D81431902E719567009FC7FF /* UIComponentKit in Frameworks */ = {isa = PBXBuildFile; productRef = D814318F2E719567009FC7FF /* UIComponentKit */; };
		D81431922E71956B009FC7FF /* ExtensionsKit in Frameworks */ = {isa = PBXBuildFile; productRef = D81431912E71956B009FC7FF /* ExtensionsKit */; };
		D81431B12E719839009FC7FF /* FavoriteKit in Frameworks */ = {isa = PBXBuildFile; productRef = D81431B02E719839009FC7FF /* FavoriteKit */; };
		D81431CC2E7198EC009FC7FF /* FavoriteKitLive in Frameworks */ = {isa = PBXBuildFile; productRef = D81431CB2E7198EC009FC7FF /* FavoriteKitLive */; };
		D81602372EA2B56600858C2A /* ProductListFeatureLive in Frameworks */ = {isa = PBXBuildFile; productRef = D81602362EA2B56600858C2A /* ProductListFeatureLive */; };
		D81602392EA2B56F00858C2A /* ProductDetailFeatureLive in Frameworks */ = {isa = PBXBuildFile; productRef = D81602382EA2B56F00858C2A /* ProductDetailFeatureLive */; };
		D816023B2EA2B56F00858C2A /* ProductDetailKit in Frameworks */ = {isa = PBXBuildFile; productRef = D816023A2EA2B56F00858C2A /* ProductDetailKit */; };
		D81870822E815D820048E4A6 /* NetworkRegistration in Frameworks */ = {isa = PBXBuildFile; productRef = D81870812E815D820048E4A6 /* NetworkRegistration */; };
		D827DE232EA56D2E009D7466 /* TodoX in Frameworks */ = {isa = PBXBuildFile; productRef = D827DE222EA56D2E009D7466 /* TodoX */; };
		D84150062E8D3B0B00FD93D3 /* TokenKit in Frameworks */ = {isa = PBXBuildFile; productRef = D84150052E8D3B0B00FD93D3 /* TokenKit */; };
		D84150082E8D3B0B00FD93D3 /* TokenKitLive in Frameworks */ = {isa = PBXBuildFile; productRef = D84150072E8D3B0B00FD93D3 /* TokenKitLive */; };
		D84957212E8E8E3E0026BFF2 /* TokenRegistration in Frameworks */ = {isa = PBXBuildFile; productRef = D84957202E8E8E3E0026BFF2 /* TokenRegistration */; };
		D873C4862E8D188B00DA85FB /* UserKit in Frameworks */ = {isa = PBXBuildFile; productRef = D873C4852E8D188B00DA85FB /* UserKit */; };
		D873C4882E8D188B00DA85FB /* UserKitLive in Frameworks */ = {isa = PBXBuildFile; productRef = D873C4872E8D188B00DA85FB /* UserKitLive */; };
		D873C48A2E8D188B00DA85FB /* UserRegistration in Frameworks */ = {isa = PBXBuildFile; productRef = D873C4892E8D188B00DA85FB /* UserRegistration */; };
		D881CD722E729DF60067499B /* ProductListKit in Frameworks */ = {isa = PBXBuildFile; productRef = D881CD712E729DF60067499B /* ProductListKit */; };
		D881CD732E729DF60067499D /* ProductListUI in Frameworks */ = {isa = PBXBuildFile; productRef = D881CD742E729DF60067499D /* ProductListUI */; };
		D88F7B5D2E78307400DA406C /* CartKitLive in Frameworks */ = {isa = PBXBuildFile; productRef = D88F7B5C2E78307400DA406C /* CartKitLive */; };
		D88F7B5F2E78307800DA406C /* CartKit in Frameworks */ = {isa = PBXBuildFile; productRef = D88F7B5E2E78307800DA406C /* CartKit */; };
		D8AE6A0F2EA2BDA600770AFD /* ProductListKitLive in Frameworks */ = {isa = PBXBuildFile; productRef = D8AE6A102EA2BDA600770AFD /* ProductListKitLive */; };
		D8E4C4992E8539C1006C27E7 /* AuthenticationFeature in Frameworks */ = {isa = PBXBuildFile; productRef = D8E4C4982E8539C1006C27E7 /* AuthenticationFeature */; };
		D8E4C49B2E8539C1006C27E7 /* AuthenticationKit in Frameworks */ = {isa = PBXBuildFile; productRef = D8E4C49A2E8539C1006C27E7 /* AuthenticationKit */; };
		D8E4C4D02E855706006C27E7 /* AuthenticationKitRegistration in Frameworks */ = {isa = PBXBuildFile; productRef = D8E4C4CF2E855706006C27E7 /* AuthenticationKitRegistration */; };
/* End PBXBuildFile section */

/* Begin PBXFileReference section */
		D81431AF2E719830009FC7FF /* FavoriteKit */ = {isa = PBXFileReference; lastKnownFileType = wrapper; path = FavoriteKit; sourceTree = "<group>"; };
		D81431CA2E7198E3009FC7FF /* FavoriteKitLive */ = {isa = PBXFileReference; lastKnownFileType = wrapper; path = FavoriteKitLive; sourceTree = "<group>"; };
		D81602322EA2B45100858C2A /* AppDestinationKit */ = {isa = PBXFileReference; lastKnownFileType = wrapper; path = AppDestinationKit; sourceTree = "<group>"; };
		D81870802E815D5F0048E4A6 /* NetworkRegistration */ = {isa = PBXFileReference; lastKnownFileType = wrapper; path = NetworkRegistration; sourceTree = "<group>"; };
		D84150032E8D3AFB00FD93D3 /* TokenKit */ = {isa = PBXFileReference; lastKnownFileType = wrapper; path = TokenKit; sourceTree = "<group>"; };
		D84150042E8D3AFB00FD93D3 /* TokenKitLive */ = {isa = PBXFileReference; lastKnownFileType = wrapper; path = TokenKitLive; sourceTree = "<group>"; };
		D849571F2E8E8E350026BFF2 /* TokenRegistration */ = {isa = PBXFileReference; lastKnownFileType = wrapper; path = TokenRegistration; sourceTree = "<group>"; };
		D873C4692E8D182B00DA85FB /* UserKit */ = {isa = PBXFileReference; lastKnownFileType = wrapper; path = UserKit; sourceTree = "<group>"; };
		D873C4832E8D188000DA85FB /* UserKitLive */ = {isa = PBXFileReference; lastKnownFileType = wrapper; path = UserKitLive; sourceTree = "<group>"; };
		D873C4842E8D188000DA85FB /* UserRegistration */ = {isa = PBXFileReference; lastKnownFileType = wrapper; path = UserRegistration; sourceTree = "<group>"; };
		D881CD6D2E729DDD0067499B /* ProductListKit */ = {isa = PBXFileReference; lastKnownFileType = wrapper; path = ProductListKit; sourceTree = "<group>"; };
		D881CD6E2E729DDD0067499C /* ProductListUI */ = {isa = PBXFileReference; lastKnownFileType = wrapper; path = ProductListUI; sourceTree = "<group>"; };
		D88F7B4B2E782EA000DA406C /* CartKit */ = {isa = PBXFileReference; lastKnownFileType = wrapper; path = CartKit; sourceTree = "<group>"; };
		D88F7B4C2E782EA000DA406C /* CartKitLive */ = {isa = PBXFileReference; lastKnownFileType = wrapper; path = CartKitLive; sourceTree = "<group>"; };
		D89261EC2EA2B313009FF404 /* ProductDetailFeatureLive */ = {isa = PBXFileReference; lastKnownFileType = wrapper; path = ProductDetailFeatureLive; sourceTree = "<group>"; };
		D89261ED2EA2B313009FF404 /* ProductDetailKit */ = {isa = PBXFileReference; lastKnownFileType = wrapper; path = ProductDetailKit; sourceTree = "<group>"; };
		D89261EE2EA2B313009FF404 /* ProductListFeatureLive */ = {isa = PBXFileReference; lastKnownFileType = wrapper; path = ProductListFeatureLive; sourceTree = "<group>"; };
		D8A1865A2E718C2500483B15 /* SupernovaX.app */ = {isa = PBXFileReference; explicitFileType = wrapper.application; includeInIndex = 0; path = SupernovaX.app; sourceTree = BUILT_PRODUCTS_DIR; };
		D8A1866B2E718E0200483B15 /* ExtensionsKit */ = {isa = PBXFileReference; lastKnownFileType = wrapper; path = ExtensionsKit; sourceTree = "<group>"; };
		D8A1866C2E718E0200483B15 /* Models */ = {isa = PBXFileReference; lastKnownFileType = wrapper; path = Models; sourceTree = "<group>"; };
		D8A1866D2E718E0200483B15 /* NetworkKit */ = {isa = PBXFileReference; lastKnownFileType = wrapper; path = NetworkKit; sourceTree = "<group>"; };
		D8A1866E2E718E0200483B15 /* UIComponentKit */ = {isa = PBXFileReference; lastKnownFileType = wrapper; path = UIComponentKit; sourceTree = "<group>"; };
		D8AE6A0E2EA2BDA600770AFD /* ProductListKitLive */ = {isa = PBXFileReference; lastKnownFileType = wrapper; path = ProductListKitLive; sourceTree = "<group>"; };
		D8E4C4962E8539B2006C27E7 /* AuthenticationFeature */ = {isa = PBXFileReference; lastKnownFileType = wrapper; path = AuthenticationFeature; sourceTree = "<group>"; };
		D8E4C4972E8539B2006C27E7 /* AuthenticationKit */ = {isa = PBXFileReference; lastKnownFileType = wrapper; path = AuthenticationKit; sourceTree = "<group>"; };
		D8E4C4CE2E855700006C27E7 /* AuthenticationKitRegistration */ = {isa = PBXFileReference; lastKnownFileType = wrapper; path = AuthenticationKitRegistration; sourceTree = "<group>"; };
/* End PBXFileReference section */

/* Begin PBXFileSystemSynchronizedRootGroup section */
		D8A1865C2E718C2500483B15 /* SupernovaX */ = {
			isa = PBXFileSystemSynchronizedRootGroup;
			path = SupernovaX;
			sourceTree = "<group>";
		};
/* End PBXFileSystemSynchronizedRootGroup section */

/* Begin PBXFrameworksBuildPhase section */
		D8A186572E718C2500483B15 /* Frameworks */ = {
			isa = PBXFrameworksBuildPhase;
			buildActionMask = 2147483647;
			files = (
				D81870822E815D820048E4A6 /* NetworkRegistration in Frameworks */,
				D827DE232EA56D2E009D7466 /* TodoX in Frameworks */,
				D8E4C4992E8539C1006C27E7 /* AuthenticationFeature in Frameworks */,
				D88F7B5F2E78307800DA406C /* CartKit in Frameworks */,
				D814318E2E719563009FC7FF /* Models in Frameworks */,
				D81602392EA2B56F00858C2A /* ProductDetailFeatureLive in Frameworks */,
				D8E4C4D02E855706006C27E7 /* AuthenticationKitRegistration in Frameworks */,
				D8E4C49B2E8539C1006C27E7 /* AuthenticationKit in Frameworks */,
				D81431CC2E7198EC009FC7FF /* FavoriteKitLive in Frameworks */,
				D873C48A2E8D188B00DA85FB /* UserRegistration in Frameworks */,
				D816023B2EA2B56F00858C2A /* ProductDetailKit in Frameworks */,
				D873C4862E8D188B00DA85FB /* UserKit in Frameworks */,
				D81602372EA2B56600858C2A /* ProductListFeatureLive in Frameworks */,
				D8AE6A0F2EA2BDA600770AFD /* ProductListKitLive in Frameworks */,
				D88F7B5D2E78307400DA406C /* CartKitLive in Frameworks */,
				D81431B12E719839009FC7FF /* FavoriteKit in Frameworks */,
				D84150082E8D3B0B00FD93D3 /* TokenKitLive in Frameworks */,
				D814318C2E719560009FC7FF /* NetworkKit in Frameworks */,
				D84150062E8D3B0B00FD93D3 /* TokenKit in Frameworks */,
				D873C4882E8D188B00DA85FB /* UserKitLive in Frameworks */,
				D881CD722E729DF60067499B /* ProductListKit in Frameworks */,
				D881CD732E729DF60067499D /* ProductListUI in Frameworks */,
				D81431922E71956B009FC7FF /* ExtensionsKit in Frameworks */,
				D84957212E8E8E3E0026BFF2 /* TokenRegistration in Frameworks */,
				D81431902E719567009FC7FF /* UIComponentKit in Frameworks */,
			);
			runOnlyForDeploymentPostprocessing = 0;
		};
/* End PBXFrameworksBuildPhase section */

/* Begin PBXGroup section */
		D814318A2E719560009FC7FF /* Frameworks */ = {
			isa = PBXGroup;
			children = (
			);
			name = Frameworks;
			sourceTree = "<group>";
		};
		D881CD702E729DDD0067499B /* Domain */ = {
			isa = PBXGroup;
			children = (
				D89261EC2EA2B313009FF404 /* ProductDetailFeatureLive */,
				D89261ED2EA2B313009FF404 /* ProductDetailKit */,
				D89261EE2EA2B313009FF404 /* ProductListFeatureLive */,
				D881CD6D2E729DDD0067499B /* ProductListKit */,
				D8AE6A0E2EA2BDA600770AFD /* ProductListKitLive */,
				D881CD6E2E729DDD0067499C /* ProductListUI */,
			);
			path = Domain;
			sourceTree = "<group>";
		};
		D8A186512E718C2500483B15 = {
			isa = PBXGroup;
			children = (
				D8A186752E718E0200483B15 /* Packages */,
				D8A1865C2E718C2500483B15 /* SupernovaX */,
				D814318A2E719560009FC7FF /* Frameworks */,
				D8A1865B2E718C2500483B15 /* Products */,
			);
			sourceTree = "<group>";
		};
		D8A1865B2E718C2500483B15 /* Products */ = {
			isa = PBXGroup;
			children = (
				D8A1865A2E718C2500483B15 /* SupernovaX.app */,
			);
			name = Products;
			sourceTree = "<group>";
		};
		D8A1866F2E718E0200483B15 /* Core */ = {
			isa = PBXGroup;
			children = (
				D81602322EA2B45100858C2A /* AppDestinationKit */,
				D849571F2E8E8E350026BFF2 /* TokenRegistration */,
				D84150032E8D3AFB00FD93D3 /* TokenKit */,
				D84150042E8D3AFB00FD93D3 /* TokenKitLive */,
				D873C4832E8D188000DA85FB /* UserKitLive */,
				D873C4842E8D188000DA85FB /* UserRegistration */,
				D873C4692E8D182B00DA85FB /* UserKit */,
				D8E4C4CE2E855700006C27E7 /* AuthenticationKitRegistration */,
				D8E4C4962E8539B2006C27E7 /* AuthenticationFeature */,
				D8E4C4972E8539B2006C27E7 /* AuthenticationKit */,
				D81870802E815D5F0048E4A6 /* NetworkRegistration */,
				D88F7B4B2E782EA000DA406C /* CartKit */,
				D88F7B4C2E782EA000DA406C /* CartKitLive */,
				D81431CA2E7198E3009FC7FF /* FavoriteKitLive */,
				D81431AF2E719830009FC7FF /* FavoriteKit */,
				D8A1866B2E718E0200483B15 /* ExtensionsKit */,
				D8A1866C2E718E0200483B15 /* Models */,
				D8A1866D2E718E0200483B15 /* NetworkKit */,
				D8A1866E2E718E0200483B15 /* UIComponentKit */,
			);
			path = Core;
			sourceTree = "<group>";
		};
		D8A186752E718E0200483B15 /* Packages */ = {
			isa = PBXGroup;
			children = (
				D881CD702E729DDD0067499B /* Domain */,
				D8A1866F2E718E0200483B15 /* Core */,
			);
			path = Packages;
			sourceTree = "<group>";
		};
/* End PBXGroup section */

/* Begin PBXNativeTarget section */
		D8A186592E718C2500483B15 /* SupernovaX */ = {
			isa = PBXNativeTarget;
			buildConfigurationList = D8A186682E718C2600483B15 /* Build configuration list for PBXNativeTarget "SupernovaX" */;
			buildPhases = (
				D8A186562E718C2500483B15 /* Sources */,
				D8A186572E718C2500483B15 /* Frameworks */,
				D8A186582E718C2500483B15 /* Resources */,
			);
			buildRules = (
			);
			dependencies = (
			);
			fileSystemSynchronizedGroups = (
				D8A1865C2E718C2500483B15 /* SupernovaX */,
			);
			name = SupernovaX;
			packageProductDependencies = (
				D814318B2E719560009FC7FF /* NetworkKit */,
				D814318D2E719563009FC7FF /* Models */,
				D814318F2E719567009FC7FF /* UIComponentKit */,
				D81431912E71956B009FC7FF /* ExtensionsKit */,
				D81431B02E719839009FC7FF /* FavoriteKit */,
				D81431CB2E7198EC009FC7FF /* FavoriteKitLive */,
				D881CD712E729DF60067499B /* ProductListKit */,
				D881CD742E729DF60067499D /* ProductListUI */,
				D88F7B5C2E78307400DA406C /* CartKitLive */,
				D88F7B5E2E78307800DA406C /* CartKit */,
				D81870812E815D820048E4A6 /* NetworkRegistration */,
				D8E4C4982E8539C1006C27E7 /* AuthenticationFeature */,
				D8E4C49A2E8539C1006C27E7 /* AuthenticationKit */,
				D8E4C4CF2E855706006C27E7 /* AuthenticationKitRegistration */,
				D873C4852E8D188B00DA85FB /* UserKit */,
				D873C4872E8D188B00DA85FB /* UserKitLive */,
				D873C4892E8D188B00DA85FB /* UserRegistration */,
				D84150052E8D3B0B00FD93D3 /* TokenKit */,
				D84150072E8D3B0B00FD93D3 /* TokenKitLive */,
				D84957202E8E8E3E0026BFF2 /* TokenRegistration */,
				D81602362EA2B56600858C2A /* ProductListFeatureLive */,
				D8AE6A102EA2BDA600770AFD /* ProductListKitLive */,
				D81602382EA2B56F00858C2A /* ProductDetailFeatureLive */,
				D816023A2EA2B56F00858C2A /* ProductDetailKit */,
				D827DE222EA56D2E009D7466 /* TodoX */,
			);
			productName = SupernovaX;
			productReference = D8A1865A2E718C2500483B15 /* SupernovaX.app */;
			productType = "com.apple.product-type.application";
		};
/* End PBXNativeTarget section */

/* Begin PBXProject section */
		D8A186522E718C2500483B15 /* Project object */ = {
			isa = PBXProject;
			attributes = {
				BuildIndependentTargetsInParallel = 1;
				LastSwiftUpdateCheck = 1620;
				LastUpgradeCheck = 1620;
				TargetAttributes = {
					D8A186592E718C2500483B15 = {
						CreatedOnToolsVersion = 16.2;
					};
				};
			};
			buildConfigurationList = D8A186552E718C2500483B15 /* Build configuration list for PBXProject "SupernovaX" */;
			developmentRegion = en;
			hasScannedForEncodings = 0;
			knownRegions = (
				en,
				Base,
			);
			mainGroup = D8A186512E718C2500483B15;
			minimizedProjectReferenceProxies = 1;
			packageReferences = (
				D88A05412EA569AF00CA9DC0 /* XCRemoteSwiftPackageReference "TodoX" */,
			);
			preferredProjectObjectVersion = 77;
			productRefGroup = D8A1865B2E718C2500483B15 /* Products */;
			projectDirPath = "";
			projectRoot = "";
			targets = (
				D8A186592E718C2500483B15 /* SupernovaX */,
			);
		};
/* End PBXProject section */

/* Begin PBXResourcesBuildPhase section */
		D8A186582E718C2500483B15 /* Resources */ = {
			isa = PBXResourcesBuildPhase;
			buildActionMask = 2147483647;
			files = (
			);
			runOnlyForDeploymentPostprocessing = 0;
		};
/* End PBXResourcesBuildPhase section */

/* Begin PBXSourcesBuildPhase section */
		D8A186562E718C2500483B15 /* Sources */ = {
			isa = PBXSourcesBuildPhase;
			buildActionMask = 2147483647;
			files = (
			);
			runOnlyForDeploymentPostprocessing = 0;
		};
/* End PBXSourcesBuildPhase section */

/* Begin XCBuildConfiguration section */
		D8A186662E718C2600483B15 /* Debug */ = {
			isa = XCBuildConfiguration;
			buildSettings = {
				ALWAYS_SEARCH_USER_PATHS = NO;
				ASSETCATALOG_COMPILER_GENERATE_SWIFT_ASSET_SYMBOL_EXTENSIONS = YES;
				CLANG_ANALYZER_NONNULL = YES;
				CLANG_ANALYZER_NUMBER_OBJECT_CONVERSION = YES_AGGRESSIVE;
				CLANG_CXX_LANGUAGE_STANDARD = "gnu++20";
				CLANG_ENABLE_MODULES = YES;
				CLANG_ENABLE_OBJC_ARC = YES;
				CLANG_ENABLE_OBJC_WEAK = YES;
				CLANG_WARN_BLOCK_CAPTURE_AUTORELEASING = YES;
				CLANG_WARN_BOOL_CONVERSION = YES;
				CLANG_WARN_COMMA = YES;
				CLANG_WARN_CONSTANT_CONVERSION = YES;
				CLANG_WARN_DEPRECATED_OBJC_IMPLEMENTATIONS = YES;
				CLANG_WARN_DIRECT_OBJC_ISA_USAGE = YES_ERROR;
				CLANG_WARN_DOCUMENTATION_COMMENTS = YES;
				CLANG_WARN_EMPTY_BODY = YES;
				CLANG_WARN_ENUM_CONVERSION = YES;
				CLANG_WARN_INFINITE_RECURSION = YES;
				CLANG_WARN_INT_CONVERSION = YES;
				CLANG_WARN_NON_LITERAL_NULL_CONVERSION = YES;
				CLANG_WARN_OBJC_IMPLICIT_RETAIN_SELF = YES;
				CLANG_WARN_OBJC_LITERAL_CONVERSION = YES;
				CLANG_WARN_OBJC_ROOT_CLASS = YES_ERROR;
				CLANG_WARN_QUOTED_INCLUDE_IN_FRAMEWORK_HEADER = YES;
				CLANG_WARN_RANGE_LOOP_ANALYSIS = YES;
				CLANG_WARN_STRICT_PROTOTYPES = YES;
				CLANG_WARN_SUSPICIOUS_MOVE = YES;
				CLANG_WARN_UNGUARDED_AVAILABILITY = YES_AGGRESSIVE;
				CLANG_WARN_UNREACHABLE_CODE = YES;
				CLANG_WARN__DUPLICATE_METHOD_MATCH = YES;
				COPY_PHASE_STRIP = NO;
				DEBUG_INFORMATION_FORMAT = dwarf;
				ENABLE_STRICT_OBJC_MSGSEND = YES;
				ENABLE_TESTABILITY = YES;
				ENABLE_USER_SCRIPT_SANDBOXING = YES;
				GCC_C_LANGUAGE_STANDARD = gnu17;
				GCC_DYNAMIC_NO_PIC = NO;
				GCC_NO_COMMON_BLOCKS = YES;
				GCC_OPTIMIZATION_LEVEL = 0;
				GCC_PREPROCESSOR_DEFINITIONS = (
					"DEBUG=1",
					"$(inherited)",
				);
				GCC_WARN_64_TO_32_BIT_CONVERSION = YES;
				GCC_WARN_ABOUT_RETURN_TYPE = YES_ERROR;
				GCC_WARN_UNDECLARED_SELECTOR = YES;
				GCC_WARN_UNINITIALIZED_AUTOS = YES_AGGRESSIVE;
				GCC_WARN_UNUSED_FUNCTION = YES;
				GCC_WARN_UNUSED_VARIABLE = YES;
				IPHONEOS_DEPLOYMENT_TARGET = 18.2;
				LOCALIZATION_PREFERS_STRING_CATALOGS = YES;
				MTL_ENABLE_DEBUG_INFO = INCLUDE_SOURCE;
				MTL_FAST_MATH = YES;
				ONLY_ACTIVE_ARCH = YES;
				SDKROOT = iphoneos;
				SWIFT_ACTIVE_COMPILATION_CONDITIONS = "DEBUG $(inherited)";
				SWIFT_OPTIMIZATION_LEVEL = "-Onone";
				SWIFT_STRICT_CONCURRENCY = complete;
			};
			name = Debug;
		};
		D8A186672E718C2600483B15 /* Release */ = {
			isa = XCBuildConfiguration;
			buildSettings = {
				ALWAYS_SEARCH_USER_PATHS = NO;
				ASSETCATALOG_COMPILER_GENERATE_SWIFT_ASSET_SYMBOL_EXTENSIONS = YES;
				CLANG_ANALYZER_NONNULL = YES;
				CLANG_ANALYZER_NUMBER_OBJECT_CONVERSION = YES_AGGRESSIVE;
				CLANG_CXX_LANGUAGE_STANDARD = "gnu++20";
				CLANG_ENABLE_MODULES = YES;
				CLANG_ENABLE_OBJC_ARC = YES;
				CLANG_ENABLE_OBJC_WEAK = YES;
				CLANG_WARN_BLOCK_CAPTURE_AUTORELEASING = YES;
				CLANG_WARN_BOOL_CONVERSION = YES;
				CLANG_WARN_COMMA = YES;
				CLANG_WARN_CONSTANT_CONVERSION = YES;
				CLANG_WARN_DEPRECATED_OBJC_IMPLEMENTATIONS = YES;
				CLANG_WARN_DIRECT_OBJC_ISA_USAGE = YES_ERROR;
				CLANG_WARN_DOCUMENTATION_COMMENTS = YES;
				CLANG_WARN_EMPTY_BODY = YES;
				CLANG_WARN_ENUM_CONVERSION = YES;
				CLANG_WARN_INFINITE_RECURSION = YES;
				CLANG_WARN_INT_CONVERSION = YES;
				CLANG_WARN_NON_LITERAL_NULL_CONVERSION = YES;
				CLANG_WARN_OBJC_IMPLICIT_RETAIN_SELF = YES;
				CLANG_WARN_OBJC_LITERAL_CONVERSION = YES;
				CLANG_WARN_OBJC_ROOT_CLASS = YES_ERROR;
				CLANG_WARN_QUOTED_INCLUDE_IN_FRAMEWORK_HEADER = YES;
				CLANG_WARN_RANGE_LOOP_ANALYSIS = YES;
				CLANG_WARN_STRICT_PROTOTYPES = YES;
				CLANG_WARN_SUSPICIOUS_MOVE = YES;
				CLANG_WARN_UNGUARDED_AVAILABILITY = YES_AGGRESSIVE;
				CLANG_WARN_UNREACHABLE_CODE = YES;
				CLANG_WARN__DUPLICATE_METHOD_MATCH = YES;
				COPY_PHASE_STRIP = NO;
				DEBUG_INFORMATION_FORMAT = "dwarf-with-dsym";
				ENABLE_NS_ASSERTIONS = NO;
				ENABLE_STRICT_OBJC_MSGSEND = YES;
				ENABLE_USER_SCRIPT_SANDBOXING = YES;
				GCC_C_LANGUAGE_STANDARD = gnu17;
				GCC_NO_COMMON_BLOCKS = YES;
				GCC_WARN_64_TO_32_BIT_CONVERSION = YES;
				GCC_WARN_ABOUT_RETURN_TYPE = YES_ERROR;
				GCC_WARN_UNDECLARED_SELECTOR = YES;
				GCC_WARN_UNINITIALIZED_AUTOS = YES_AGGRESSIVE;
				GCC_WARN_UNUSED_FUNCTION = YES;
				GCC_WARN_UNUSED_VARIABLE = YES;
				IPHONEOS_DEPLOYMENT_TARGET = 18.2;
				LOCALIZATION_PREFERS_STRING_CATALOGS = YES;
				MTL_ENABLE_DEBUG_INFO = NO;
				MTL_FAST_MATH = YES;
				SDKROOT = iphoneos;
				SWIFT_COMPILATION_MODE = wholemodule;
				SWIFT_STRICT_CONCURRENCY = complete;
				VALIDATE_PRODUCT = YES;
			};
			name = Release;
		};
		D8A186692E718C2600483B15 /* Debug */ = {
			isa = XCBuildConfiguration;
			buildSettings = {
				ASSETCATALOG_COMPILER_APPICON_NAME = AppIcon;
				ASSETCATALOG_COMPILER_GLOBAL_ACCENT_COLOR_NAME = AccentColor;
				CODE_SIGN_STYLE = Automatic;
				CURRENT_PROJECT_VERSION = 1;
				DEVELOPMENT_ASSET_PATHS = "\"SupernovaX/Preview Content\"";
				DEVELOPMENT_TEAM = 4344N258G3;
				ENABLE_PREVIEWS = YES;
				GENERATE_INFOPLIST_FILE = YES;
				INFOPLIST_KEY_UIApplicationSceneManifest_Generation = YES;
				INFOPLIST_KEY_UIApplicationSupportsIndirectInputEvents = YES;
				INFOPLIST_KEY_UILaunchScreen_Generation = YES;
				INFOPLIST_KEY_UISupportedInterfaceOrientations = UIInterfaceOrientationPortrait;
				IPHONEOS_DEPLOYMENT_TARGET = 17.6;
				LD_RUNPATH_SEARCH_PATHS = (
					"$(inherited)",
					"@executable_path/Frameworks",
				);
				MARKETING_VERSION = 1.0;
				PRODUCT_BUNDLE_IDENTIFIER = com.batuhanbaran.SupernovaX;
				PRODUCT_NAME = "$(TARGET_NAME)";
				SUPPORTED_PLATFORMS = "iphoneos iphonesimulator";
				SUPPORTS_MACCATALYST = NO;
				SUPPORTS_MAC_DESIGNED_FOR_IPHONE_IPAD = NO;
				SUPPORTS_XR_DESIGNED_FOR_IPHONE_IPAD = NO;
				SWIFT_EMIT_LOC_STRINGS = YES;
				SWIFT_STRICT_CONCURRENCY = complete;
				SWIFT_VERSION = 5.0;
				TARGETED_DEVICE_FAMILY = 1;
			};
			name = Debug;
		};
		D8A1866A2E718C2600483B15 /* Release */ = {
			isa = XCBuildConfiguration;
			buildSettings = {
				ASSETCATALOG_COMPILER_APPICON_NAME = AppIcon;
				ASSETCATALOG_COMPILER_GLOBAL_ACCENT_COLOR_NAME = AccentColor;
				CODE_SIGN_STYLE = Automatic;
				CURRENT_PROJECT_VERSION = 1;
				DEVELOPMENT_ASSET_PATHS = "\"SupernovaX/Preview Content\"";
				DEVELOPMENT_TEAM = 4344N258G3;
				ENABLE_PREVIEWS = YES;
				GENERATE_INFOPLIST_FILE = YES;
				INFOPLIST_KEY_UIApplicationSceneManifest_Generation = YES;
				INFOPLIST_KEY_UIApplicationSupportsIndirectInputEvents = YES;
				INFOPLIST_KEY_UILaunchScreen_Generation = YES;
				INFOPLIST_KEY_UISupportedInterfaceOrientations = UIInterfaceOrientationPortrait;
				IPHONEOS_DEPLOYMENT_TARGET = 17.6;
				LD_RUNPATH_SEARCH_PATHS = (
					"$(inherited)",
					"@executable_path/Frameworks",
				);
				MARKETING_VERSION = 1.0;
				PRODUCT_BUNDLE_IDENTIFIER = com.batuhanbaran.SupernovaX;
				PRODUCT_NAME = "$(TARGET_NAME)";
				SUPPORTED_PLATFORMS = "iphoneos iphonesimulator";
				SUPPORTS_MACCATALYST = NO;
				SUPPORTS_MAC_DESIGNED_FOR_IPHONE_IPAD = NO;
				SUPPORTS_XR_DESIGNED_FOR_IPHONE_IPAD = NO;
				SWIFT_EMIT_LOC_STRINGS = YES;
				SWIFT_STRICT_CONCURRENCY = complete;
				SWIFT_VERSION = 5.0;
				TARGETED_DEVICE_FAMILY = 1;
			};
			name = Release;
		};
/* End XCBuildConfiguration section */

/* Begin XCConfigurationList section */
		D8A186552E718C2500483B15 /* Build configuration list for PBXProject "SupernovaX" */ = {
			isa = XCConfigurationList;
			buildConfigurations = (
				D8A186662E718C2600483B15 /* Debug */,
				D8A186672E718C2600483B15 /* Release */,
			);
			defaultConfigurationIsVisible = 0;
			defaultConfigurationName = Release;
		};
		D8A186682E718C2600483B15 /* Build configuration list for PBXNativeTarget "SupernovaX" */ = {
			isa = XCConfigurationList;
			buildConfigurations = (
				D8A186692E718C2600483B15 /* Debug */,
				D8A1866A2E718C2600483B15 /* Release */,
			);
			defaultConfigurationIsVisible = 0;
			defaultConfigurationName = Release;
		};
/* End XCConfigurationList section */

/* Begin XCRemoteSwiftPackageReference section */
		D88A05412EA569AF00CA9DC0 /* XCRemoteSwiftPackageReference "TodoX" */ = {
			isa = XCRemoteSwiftPackageReference;
			repositoryURL = "https://github.com/batuhanbaran/TodoX";
			requirement = {
				branch = main;
				kind = branch;
			};
		};
/* End XCRemoteSwiftPackageReference section */

/* Begin XCSwiftPackageProductDependency section */
		D814318B2E719560009FC7FF /* NetworkKit */ = {
			isa = XCSwiftPackageProductDependency;
			productName = NetworkKit;
		};
		D814318D2E719563009FC7FF /* Models */ = {
			isa = XCSwiftPackageProductDependency;
			productName = Models;
		};
		D814318F2E719567009FC7FF /* UIComponentKit */ = {
			isa = XCSwiftPackageProductDependency;
			productName = UIComponentKit;
		};
		D81431912E71956B009FC7FF /* ExtensionsKit */ = {
			isa = XCSwiftPackageProductDependency;
			productName = ExtensionsKit;
		};
		D81431B02E719839009FC7FF /* FavoriteKit */ = {
			isa = XCSwiftPackageProductDependency;
			productName = FavoriteKit;
		};
		D81431CB2E7198EC009FC7FF /* FavoriteKitLive */ = {
			isa = XCSwiftPackageProductDependency;
			productName = FavoriteKitLive;
		};
		D81602362EA2B56600858C2A /* ProductListFeatureLive */ = {
			isa = XCSwiftPackageProductDependency;
			productName = ProductListFeatureLive;
		};
		D81602382EA2B56F00858C2A /* ProductDetailFeatureLive */ = {
			isa = XCSwiftPackageProductDependency;
			productName = ProductDetailFeatureLive;
		};
		D816023A2EA2B56F00858C2A /* ProductDetailKit */ = {
			isa = XCSwiftPackageProductDependency;
			productName = ProductDetailKit;
		};
		D81870812E815D820048E4A6 /* NetworkRegistration */ = {
			isa = XCSwiftPackageProductDependency;
			productName = NetworkRegistration;
		};
		D827DE222EA56D2E009D7466 /* TodoX */ = {
			isa = XCSwiftPackageProductDependency;
			package = D88A05412EA569AF00CA9DC0 /* XCRemoteSwiftPackageReference "TodoX" */;
			productName = TodoX;
		};
		D84150052E8D3B0B00FD93D3 /* TokenKit */ = {
			isa = XCSwiftPackageProductDependency;
			productName = TokenKit;
		};
		D84150072E8D3B0B00FD93D3 /* TokenKitLive */ = {
			isa = XCSwiftPackageProductDependency;
			productName = TokenKitLive;
		};
		D84957202E8E8E3E0026BFF2 /* TokenRegistration */ = {
			isa = XCSwiftPackageProductDependency;
			productName = TokenRegistration;
		};
		D873C4852E8D188B00DA85FB /* UserKit */ = {
			isa = XCSwiftPackageProductDependency;
			productName = UserKit;
		};
		D873C4872E8D188B00DA85FB /* UserKitLive */ = {
			isa = XCSwiftPackageProductDependency;
			productName = UserKitLive;
		};
		D873C4892E8D188B00DA85FB /* UserRegistration */ = {
			isa = XCSwiftPackageProductDependency;
			productName = UserRegistration;
		};
		D881CD712E729DF60067499B /* ProductListKit */ = {
			isa = XCSwiftPackageProductDependency;
			productName = ProductListKit;
		};
		D881CD742E729DF60067499D /* ProductListUI */ = {
			isa = XCSwiftPackageProductDependency;
			productName = ProductListUI;
		};
		D88F7B5C2E78307400DA406C /* CartKitLive */ = {
			isa = XCSwiftPackageProductDependency;
			productName = CartKitLive;
		};
		D88F7B5E2E78307800DA406C /* CartKit */ = {
			isa = XCSwiftPackageProductDependency;
			productName = CartKit;
		};
		D8AE6A102EA2BDA600770AFD /* ProductListKitLive */ = {
			isa = XCSwiftPackageProductDependency;
			productName = ProductListKitLive;
		};
		D8E4C4982E8539C1006C27E7 /* AuthenticationFeature */ = {
			isa = XCSwiftPackageProductDependency;
			productName = AuthenticationFeature;
		};
		D8E4C49A2E8539C1006C27E7 /* AuthenticationKit */ = {
			isa = XCSwiftPackageProductDependency;
			productName = AuthenticationKit;
		};
		D8E4C4CF2E855706006C27E7 /* AuthenticationKitRegistration */ = {
			isa = XCSwiftPackageProductDependency;
			productName = AuthenticationKitRegistration;
		};
/* End XCSwiftPackageProductDependency section */
	};
	rootObject = D8A186522E718C2500483B15 /* Project object */;
}
